
Microsoft Visual Studio Solution File, Format Version 12.00
# Visual Studio Version 17
VisualStudioVersion = 17.7.34221.43
MinimumVisualStudioVersion = 10.0.40219.1
Project("{54A90642-561A-4BB1-A94E-469ADEE60C69}") = "SneakerShop.Vue", "SneakerShop.Vue\SneakerShop.Vue.esproj", "{C8E925C8-0592-40EE-9AD5-329F4CDD3E5A}"
EndProject
Project("{9A19103F-16F7-4668-BE54-9A1E7A4F7556}") = "SneakerShop.WebAPI", "SneakerShop.WebAPI\SneakerShop.WebAPI.csproj", "{0D4B4FFD-45F1-4E8C-AC21-1DCC63D686A2}"
	ProjectSection(ProjectDependencies) = postProject
		{FFC220E7-76B3-480D-B328-9D5659A0DED9} = {FFC220E7-76B3-480D-B328-9D5659A0DED9}
	EndProjectSection
EndProject
Project("{9A19103F-16F7-4668-BE54-9A1E7A4F7556}") = "SneakerShop.Core", "SneakerShop.Core\SneakerShop.Core.csproj", "{FFC220E7-76B3-480D-B328-9D5659A0DED9}"
EndProject
Project("{9A19103F-16F7-4668-BE54-9A1E7A4F7556}") = "SneakerShop.DataAdapters", "SneakerShop.DataAdapters\SneakerShop.DataAdapters.csproj", "{4FF378ED-E6F6-4879-852F-A67FE7C54E93}"
EndProject
Project("{FAE04EC0-301F-11D3-BF4B-00C04F79EFBC}") = "SneakerShop.DataAdapters.Contracts", "SneakerShop.DataAdapters.Contracts\SneakerShop.DataAdapters.Contracts.csproj", "{A701AEE2-86E5-4953-9A49-D65A982AD3F5}"
EndProject
Global
	GlobalSection(SolutionConfigurationPlatforms) = preSolution
		Debug|Any CPU = Debug|Any CPU
		Release|Any CPU = Release|Any CPU
	EndGlobalSection
	GlobalSection(ProjectConfigurationPlatforms) = postSolution
		{C8E925C8-0592-40EE-9AD5-329F4CDD3E5A}.Debug|Any CPU.ActiveCfg = Debug|Any CPU
		{C8E925C8-0592-40EE-9AD5-329F4CDD3E5A}.Debug|Any CPU.Build.0 = Debug|Any CPU
		{C8E925C8-0592-40EE-9AD5-329F4CDD3E5A}.Debug|Any CPU.Deploy.0 = Debug|Any CPU
		{C8E925C8-0592-40EE-9AD5-329F4CDD3E5A}.Release|Any CPU.ActiveCfg = Release|Any CPU
		{C8E925C8-0592-40EE-9AD5-329F4CDD3E5A}.Release|Any CPU.Build.0 = Release|Any CPU
		{C8E925C8-0592-40EE-9AD5-329F4CDD3E5A}.Release|Any CPU.Deploy.0 = Release|Any CPU
		{0D4B4FFD-45F1-4E8C-AC21-1DCC63D686A2}.Debug|Any CPU.ActiveCfg = Debug|Any CPU
		{0D4B4FFD-45F1-4E8C-AC21-1DCC63D686A2}.Debug|Any CPU.Build.0 = Debug|Any CPU
		{0D4B4FFD-45F1-4E8C-AC21-1DCC63D686A2}.Release|Any CPU.ActiveCfg = Release|Any CPU
		{0D4B4FFD-45F1-4E8C-AC21-1DCC63D686A2}.Release|Any CPU.Build.0 = Release|Any CPU
		{FFC220E7-76B3-480D-B328-9D5659A0DED9}.Debug|Any CPU.ActiveCfg = Debug|Any CPU
		{FFC220E7-76B3-480D-B328-9D5659A0DED9}.Debug|Any CPU.Build.0 = Debug|Any CPU
		{FFC220E7-76B3-480D-B328-9D5659A0DED9}.Release|Any CPU.ActiveCfg = Release|Any CPU
		{FFC220E7-76B3-480D-B328-9D5659A0DED9}.Release|Any CPU.Build.0 = Release|Any CPU
		{4FF378ED-E6F6-4879-852F-A67FE7C54E93}.Debug|Any CPU.ActiveCfg = Debug|Any CPU
		{4FF378ED-E6F6-4879-852F-A67FE7C54E93}.Debug|Any CPU.Build.0 = Debug|Any CPU
		{4FF378ED-E6F6-4879-852F-A67FE7C54E93}.Release|Any CPU.ActiveCfg = Release|Any CPU
		{4FF378ED-E6F6-4879-852F-A67FE7C54E93}.Release|Any CPU.Build.0 = Release|Any CPU
		{A701AEE2-86E5-4953-9A49-D65A982AD3F5}.Debug|Any CPU.ActiveCfg = Debug|Any CPU
		{A701AEE2-86E5-4953-9A49-D65A982AD3F5}.Debug|Any CPU.Build.0 = Debug|Any CPU
		{A701AEE2-86E5-4953-9A49-D65A982AD3F5}.Release|Any CPU.ActiveCfg = Release|Any CPU
		{A701AEE2-86E5-4953-9A49-D65A982AD3F5}.Release|Any CPU.Build.0 = Release|Any CPU
	EndGlobalSection
	GlobalSection(SolutionProperties) = preSolution
		HideSolutionNode = FALSE
	EndGlobalSection
	GlobalSection(ExtensibilityGlobals) = postSolution
		SolutionGuid = {A1013B9F-5686-4620-93C6-A34E8555FBA1}
	EndGlobalSection
EndGlobal
